
Microsoft Visual Studio Solution File, Format Version 12.00
# Visual Studio Version 17
VisualStudioVersion = 17.10.35027.167
MinimumVisualStudioVersion = 10.0.40219.1
Project("{FAE04EC0-301F-11D3-BF4B-00C04F79EFBC}") = "ecommerce_web", "ecommerce_web\ecommerce_web.csproj", "{AD0D8578-0331-4024-9B81-0FFEF84E7CAD}"
EndProject
Global
	GlobalSection(SolutionConfigurationPlatforms) = preSolution
		Debug|Any CPU = Debug|Any CPU
		Release|Any CPU = Release|Any CPU
	EndGlobalSection
	GlobalSection(ProjectConfigurationPlatforms) = postSolution
		{AD0D8578-0331-4024-9B81-0FFEF84E7CAD}.Debug|Any CPU.ActiveCfg = Debug|Any CPU
		{AD0D8578-0331-4024-9B81-0FFEF84E7CAD}.Debug|Any CPU.Build.0 = Debug|Any CPU
		{AD0D8578-0331-4024-9B81-0FFEF84E7CAD}.Release|Any CPU.ActiveCfg = Release|Any CPU
		{AD0D8578-0331-4024-9B81-0FFEF84E7CAD}.Release|Any CPU.Build.0 = Release|Any CPU
	EndGlobalSection
	GlobalSection(SolutionProperties) = preSolution
		HideSolutionNode = FALSE
	EndGlobalSection
	GlobalSection(ExtensibilityGlobals) = postSolution
		SolutionGuid = {558AB543-701B-41E1-ACCC-9D6924D0EAA5}
	EndGlobalSection
EndGlobal
